
Microsoft Visual Studio Solution File, Format Version 12.00
# Visual Studio Version 16
VisualStudioVersion = 16.0.29318.209
MinimumVisualStudioVersion = 10.0.40219.1
Project("{FAE04EC0-301F-11D3-BF4B-00C04F79EFBC}") = "ConsoleChat", "ConsoleChat\ConsoleChat.csproj", "{2FE0B9BA-F133-4385-9547-A25C851FAE10}"
EndProject
Project("{FAE04EC0-301F-11D3-BF4B-00C04F79EFBC}") = "Core", "Core\Core.csproj", "{9B5EABB0-3E2C-43BE-8B33-60A37FC9D38D}"
EndProject
Project("{9A19103F-16F7-4668-BE54-9A1E7A4F7556}") = "Fleck", "..\Fleck-master\src\Fleck\Fleck.csproj", "{114633CA-E484-426F-B855-D10DCBB6CF6A}"
EndProject
Global
	GlobalSection(SolutionConfigurationPlatforms) = preSolution
		Debug|Any CPU = Debug|Any CPU
		Release|Any CPU = Release|Any CPU
	EndGlobalSection
	GlobalSection(ProjectConfigurationPlatforms) = postSolution
		{2FE0B9BA-F133-4385-9547-A25C851FAE10}.Debug|Any CPU.ActiveCfg = Debug|Any CPU
		{2FE0B9BA-F133-4385-9547-A25C851FAE10}.Debug|Any CPU.Build.0 = Debug|Any CPU
		{2FE0B9BA-F133-4385-9547-A25C851FAE10}.Release|Any CPU.ActiveCfg = Release|Any CPU
		{2FE0B9BA-F133-4385-9547-A25C851FAE10}.Release|Any CPU.Build.0 = Release|Any CPU
		{9B5EABB0-3E2C-43BE-8B33-60A37FC9D38D}.Debug|Any CPU.ActiveCfg = Debug|Any CPU
		{9B5EABB0-3E2C-43BE-8B33-60A37FC9D38D}.Debug|Any CPU.Build.0 = Debug|Any CPU
		{9B5EABB0-3E2C-43BE-8B33-60A37FC9D38D}.Release|Any CPU.ActiveCfg = Release|Any CPU
		{9B5EABB0-3E2C-43BE-8B33-60A37FC9D38D}.Release|Any CPU.Build.0 = Release|Any CPU
		{114633CA-E484-426F-B855-D10DCBB6CF6A}.Debug|Any CPU.ActiveCfg = Debug|Any CPU
		{114633CA-E484-426F-B855-D10DCBB6CF6A}.Debug|Any CPU.Build.0 = Debug|Any CPU
		{114633CA-E484-426F-B855-D10DCBB6CF6A}.Release|Any CPU.ActiveCfg = Release|Any CPU
		{114633CA-E484-426F-B855-D10DCBB6CF6A}.Release|Any CPU.Build.0 = Release|Any CPU
	EndGlobalSection
	GlobalSection(SolutionProperties) = preSolution
		HideSolutionNode = FALSE
	EndGlobalSection
	GlobalSection(ExtensibilityGlobals) = postSolution
		SolutionGuid = {BBFEF3FF-F530-4D41-B8CF-7171761324AC}
	EndGlobalSection
EndGlobal
